
Microsoft Visual Studio Solution File, Format Version 12.00
# Visual Studio Version 17
VisualStudioVersion = 17.5.33516.290
MinimumVisualStudioVersion = 10.0.40219.1
Project("{9A19103F-16F7-4668-BE54-9A1E7A4F7556}") = "DownloadPavlovMapsFromModIo", "DownloadPavlovMapsFromModIo.csproj", "{0FB51E94-EC18-4D9E-9789-E3DB73BBCCC5}"
EndProject
Global
	GlobalSection(SolutionConfigurationPlatforms) = preSolution
		Debug|Any CPU = Debug|Any CPU
		Release|Any CPU = Release|Any CPU
	EndGlobalSection
	GlobalSection(ProjectConfigurationPlatforms) = postSolution
		{0FB51E94-EC18-4D9E-9789-E3DB73BBCCC5}.Debug|Any CPU.ActiveCfg = Debug|Any CPU
		{0FB51E94-EC18-4D9E-9789-E3DB73BBCCC5}.Debug|Any CPU.Build.0 = Debug|Any CPU
		{0FB51E94-EC18-4D9E-9789-E3DB73BBCCC5}.Release|Any CPU.ActiveCfg = Release|Any CPU
		{0FB51E94-EC18-4D9E-9789-E3DB73BBCCC5}.Release|Any CPU.Build.0 = Release|Any CPU
	EndGlobalSection
	GlobalSection(SolutionProperties) = preSolution
		HideSolutionNode = FALSE
	EndGlobalSection
	GlobalSection(ExtensibilityGlobals) = postSolution
		SolutionGuid = {8D17DFD4-B1A5-4824-87CA-29AB31DB9502}
	EndGlobalSection
EndGlobal
